
Microsoft Visual Studio Solution File, Format Version 12.00
# Visual Studio 15
VisualStudioVersion = 15.0.28307.438
MinimumVisualStudioVersion = 10.0.40219.1
Project("{2150E333-8FDC-42A3-9474-1A3956D46DE8}") = "1-UI", "1-UI", "{F557C545-62CF-4CFF-929A-EEF93A1565BD}"
EndProject
Project("{2150E333-8FDC-42A3-9474-1A3956D46DE8}") = "2-Domain", "2-Domain", "{1710BA55-7B54-4C7B-9AA7-67A8AF113782}"
EndProject
Project("{2150E333-8FDC-42A3-9474-1A3956D46DE8}") = "3-Infastructure", "3-Infastructure", "{6832963D-391A-4EC6-98E3-57BBBCD362E2}"
EndProject
Project("{9A19103F-16F7-4668-BE54-9A1E7A4F7556}") = "ECOMMERCE.WEB.UI", "src\ECOMMERCE.WEB.UI\ECOMMERCE.WEB.UI.csproj", "{D711AB65-15DE-4541-A816-6A92892A63D5}"
EndProject
Project("{9A19103F-16F7-4668-BE54-9A1E7A4F7556}") = "ECOMMERCE.INFRASTRUCTURE", "src\ECOMMERCE.INFRASTRUCTURE\ECOMMERCE.INFRASTRUCTURE.csproj", "{732BBC8C-F188-4638-9EE1-887802D746BC}"
EndProject
Project("{9A19103F-16F7-4668-BE54-9A1E7A4F7556}") = "ECOMMERCE.APPLICATION.CORE", "src\ECOMMERCE.APPLICATION.CORE\ECOMMERCE.APPLICATION.CORE.csproj", "{3B7151CC-BA48-43B1-956B-29C30FC9D060}"
EndProject
Project("{2150E333-8FDC-42A3-9474-1A3956D46DE8}") = "4-Test", "4-Test", "{A7BE6EEE-3453-4D83-96F7-B0E962D2264F}"
EndProject
Global
	GlobalSection(SolutionConfigurationPlatforms) = preSolution
		Debug|Any CPU = Debug|Any CPU
		Release|Any CPU = Release|Any CPU
	EndGlobalSection
	GlobalSection(ProjectConfigurationPlatforms) = postSolution
		{D711AB65-15DE-4541-A816-6A92892A63D5}.Debug|Any CPU.ActiveCfg = Debug|Any CPU
		{D711AB65-15DE-4541-A816-6A92892A63D5}.Debug|Any CPU.Build.0 = Debug|Any CPU
		{D711AB65-15DE-4541-A816-6A92892A63D5}.Release|Any CPU.ActiveCfg = Release|Any CPU
		{D711AB65-15DE-4541-A816-6A92892A63D5}.Release|Any CPU.Build.0 = Release|Any CPU
		{732BBC8C-F188-4638-9EE1-887802D746BC}.Debug|Any CPU.ActiveCfg = Debug|Any CPU
		{732BBC8C-F188-4638-9EE1-887802D746BC}.Debug|Any CPU.Build.0 = Debug|Any CPU
		{732BBC8C-F188-4638-9EE1-887802D746BC}.Release|Any CPU.ActiveCfg = Release|Any CPU
		{732BBC8C-F188-4638-9EE1-887802D746BC}.Release|Any CPU.Build.0 = Release|Any CPU
		{3B7151CC-BA48-43B1-956B-29C30FC9D060}.Debug|Any CPU.ActiveCfg = Debug|Any CPU
		{3B7151CC-BA48-43B1-956B-29C30FC9D060}.Debug|Any CPU.Build.0 = Debug|Any CPU
		{3B7151CC-BA48-43B1-956B-29C30FC9D060}.Release|Any CPU.ActiveCfg = Release|Any CPU
		{3B7151CC-BA48-43B1-956B-29C30FC9D060}.Release|Any CPU.Build.0 = Release|Any CPU
	EndGlobalSection
	GlobalSection(SolutionProperties) = preSolution
		HideSolutionNode = FALSE
	EndGlobalSection
	GlobalSection(NestedProjects) = preSolution
		{D711AB65-15DE-4541-A816-6A92892A63D5} = {F557C545-62CF-4CFF-929A-EEF93A1565BD}
		{732BBC8C-F188-4638-9EE1-887802D746BC} = {6832963D-391A-4EC6-98E3-57BBBCD362E2}
		{3B7151CC-BA48-43B1-956B-29C30FC9D060} = {1710BA55-7B54-4C7B-9AA7-67A8AF113782}
	EndGlobalSection
	GlobalSection(ExtensibilityGlobals) = postSolution
		SolutionGuid = {A85C1861-EDFC-468F-BB8D-CEFD4CB577D1}
	EndGlobalSection
EndGlobal
